
Microsoft Visual Studio Solution File, Format Version 12.00
# Visual Studio Version 17
VisualStudioVersion = 17.8.34309.116
MinimumVisualStudioVersion = 10.0.40219.1
Project("{FAE04EC0-301F-11D3-BF4B-00C04F79EFBC}") = "Bibliya", "Bibliya\Bibliya.csproj", "{6CB90464-CDCD-454E-BBED-FB60CDE1042E}"
EndProject
Global
	GlobalSection(SolutionConfigurationPlatforms) = preSolution
		Debug|Any CPU = Debug|Any CPU
		Release|Any CPU = Release|Any CPU
	EndGlobalSection
	GlobalSection(ProjectConfigurationPlatforms) = postSolution
		{6CB90464-CDCD-454E-BBED-FB60CDE1042E}.Debug|Any CPU.ActiveCfg = Debug|Any CPU
		{6CB90464-CDCD-454E-BBED-FB60CDE1042E}.Debug|Any CPU.Build.0 = Debug|Any CPU
		{6CB90464-CDCD-454E-BBED-FB60CDE1042E}.Release|Any CPU.ActiveCfg = Release|Any CPU
		{6CB90464-CDCD-454E-BBED-FB60CDE1042E}.Release|Any CPU.Build.0 = Release|Any CPU
	EndGlobalSection
	GlobalSection(SolutionProperties) = preSolution
		HideSolutionNode = FALSE
	EndGlobalSection
	GlobalSection(ExtensibilityGlobals) = postSolution
		SolutionGuid = {FB46EA63-A887-490E-8D2D-619A510FF108}
	EndGlobalSection
EndGlobal
